// !$*UTF8*$!
{
	archiveVersion = 1;
	classes = {
	};
	objectVersion = 48;
	objects = {

/* Begin PBXBuildFile section */
		68D3E16C2098908B0015FE2F /* AppDelegate.swift in Sources */ = {isa = PBXBuildFile; fileRef = 68D3E16B2098908B0015FE2F /* AppDelegate.swift */; };
		68D3E16E2098908B0015FE2F /* ViewController.swift in Sources */ = {isa = PBXBuildFile; fileRef = 68D3E16D2098908B0015FE2F /* ViewController.swift */; };
		68D3E1712098908B0015FE2F /* Main.storyboard in Resources */ = {isa = PBXBuildFile; fileRef = 68D3E16F2098908B0015FE2F /* Main.storyboard */; };
		68D3E1742098908B0015FE2F /* TestProject.xcdatamodeld in Sources */ = {isa = PBXBuildFile; fileRef = 68D3E1722098908B0015FE2F /* TestProject.xcdatamodeld */; };
		68D3E1762098908B0015FE2F /* Assets.xcassets in Resources */ = {isa = PBXBuildFile; fileRef = 68D3E1752098908B0015FE2F /* Assets.xcassets */; };
		68D3E1792098908B0015FE2F /* LaunchScreen.storyboard in Resources */ = {isa = PBXBuildFile; fileRef = 68D3E1772098908B0015FE2F /* LaunchScreen.storyboard */; };
		68D3E1842098908B0015FE2F /* TestProjectTests.swift in Sources */ = {isa = PBXBuildFile; fileRef = 68D3E1832098908B0015FE2F /* TestProjectTests.swift */; };
		68D3E18F2098908B0015FE2F /* TestProjectUITests.swift in Sources */ = {isa = PBXBuildFile; fileRef = 68D3E18E2098908B0015FE2F /* TestProjectUITests.swift */; };
/* End PBXBuildFile section */

/* Begin PBXContainerItemProxy section */
		68D3E1802098908B0015FE2F /* PBXContainerItemProxy */ = {
			isa = PBXContainerItemProxy;
			containerPortal = 68D3E1602098908A0015FE2F /* Project object */;
			proxyType = 1;
			remoteGlobalIDString = 68D3E1672098908A0015FE2F;
			remoteInfo = TestProject;
		};
		68D3E18B2098908B0015FE2F /* PBXContainerItemProxy */ = {
			isa = PBXContainerItemProxy;
			containerPortal = 68D3E1602098908A0015FE2F /* Project object */;
			proxyType = 1;
			remoteGlobalIDString = 68D3E1672098908A0015FE2F;
			remoteInfo = TestProject;
		};
/* End PBXContainerItemProxy section */

/* Begin PBXFileReference section */
		68D3E1682098908B0015FE2F /* TestProject.app */ = {isa = PBXFileReference; explicitFileType = wrapper.application; includeInIndex = 0; path = TestProject.app; sourceTree = BUILT_PRODUCTS_DIR; };
		68D3E16B2098908B0015FE2F /* AppDelegate.swift */ = {isa = PBXFileReference; lastKnownFileType = sourcecode.swift; path = AppDelegate.swift; sourceTree = "<group>"; };
		68D3E16D2098908B0015FE2F /* ViewController.swift */ = {isa = PBXFileReference; lastKnownFileType = sourcecode.swift; path = ViewController.swift; sourceTree = "<group>"; };
		68D3E1702098908B0015FE2F /* Base */ = {isa = PBXFileReference; lastKnownFileType = file.storyboard; name = Base; path = Base.lproj/Main.storyboard; sourceTree = "<group>"; };
		68D3E1732098908B0015FE2F /* TestProject.xcdatamodel */ = {isa = PBXFileReference; lastKnownFileType = wrapper.xcdatamodel; path = TestProject.xcdatamodel; sourceTree = "<group>"; };
		68D3E1752098908B0015FE2F /* Assets.xcassets */ = {isa = PBXFileReference; lastKnownFileType = folder.assetcatalog; path = Assets.xcassets; sourceTree = "<group>"; };
		68D3E1782098908B0015FE2F /* Base */ = {isa = PBXFileReference; lastKnownFileType = file.storyboard; name = Base; path = Base.lproj/LaunchScreen.storyboard; sourceTree = "<group>"; };
		68D3E17A2098908B0015FE2F /* Info.plist */ = {isa = PBXFileReference; lastKnownFileType = text.plist.xml; path = Info.plist; sourceTree = "<group>"; };
		68D3E17F2098908B0015FE2F /* TestProjectTests.xctest */ = {isa = PBXFileReference; explicitFileType = wrapper.cfbundle; includeInIndex = 0; path = TestProjectTests.xctest; sourceTree = BUILT_PRODUCTS_DIR; };
		68D3E1832098908B0015FE2F /* TestProjectTests.swift */ = {isa = PBXFileReference; lastKnownFileType = sourcecode.swift; path = TestProjectTests.swift; sourceTree = "<group>"; };
		68D3E1852098908B0015FE2F /* Info.plist */ = {isa = PBXFileReference; lastKnownFileType = text.plist.xml; path = Info.plist; sourceTree = "<group>"; };
		68D3E18A2098908B0015FE2F /* TestProjectUITests.xctest */ = {isa = PBXFileReference; explicitFileType = wrapper.cfbundle; includeInIndex = 0; path = TestProjectUITests.xctest; sourceTree = BUILT_PRODUCTS_DIR; };
		68D3E18E2098908B0015FE2F /* TestProjectUITests.swift */ = {isa = PBXFileReference; lastKnownFileType = sourcecode.swift; path = TestProjectUITests.swift; sourceTree = "<group>"; };
		68D3E1902098908B0015FE2F /* Info.plist */ = {isa = PBXFileReference; lastKnownFileType = text.plist.xml; path = Info.plist; sourceTree = "<group>"; };
/* End PBXFileReference section */

/* Begin PBXFrameworksBuildPhase section */
		68D3E1652098908A0015FE2F /* Frameworks */ = {
			isa = PBXFrameworksBuildPhase;
			buildActionMask = 2147483647;
			files = (
			);
			runOnlyForDeploymentPostprocessing = 0;
		};
		68D3E17C2098908B0015FE2F /* Frameworks */ = {
			isa = PBXFrameworksBuildPhase;
			buildActionMask = 2147483647;
			files = (
			);
			runOnlyForDeploymentPostprocessing = 0;
		};
		68D3E1872098908B0015FE2F /* Frameworks */ = {
			isa = PBXFrameworksBuildPhase;
			buildActionMask = 2147483647;
			files = (
			);
			runOnlyForDeploymentPostprocessing = 0;
		};
/* End PBXFrameworksBuildPhase section */

/* Begin PBXGroup section */
		68D3E15F2098908A0015FE2F = {
			isa = PBXGroup;
			children = (
				68D3E16A2098908B0015FE2F /* TestProject */,
				68D3E1822098908B0015FE2F /* TestProjectTests */,
				68D3E18D2098908B0015FE2F /* TestProjectUITests */,
				68D3E1692098908B0015FE2F /* Products */,
			);
			sourceTree = "<group>";
		};
		68D3E1692098908B0015FE2F /* Products */ = {
			isa = PBXGroup;
			children = (
				68D3E1682098908B0015FE2F /* TestProject.app */,
				68D3E17F2098908B0015FE2F /* TestProjectTests.xctest */,
				68D3E18A2098908B0015FE2F /* TestProjectUITests.xctest */,
			);
			name = Products;
			sourceTree = "<group>";
		};
		68D3E16A2098908B0015FE2F /* TestProject */ = {
			isa = PBXGroup;
			children = (
				68D3E16B2098908B0015FE2F /* AppDelegate.swift */,
				68D3E16D2098908B0015FE2F /* ViewController.swift */,
				68D3E16F2098908B0015FE2F /* Main.storyboard */,
				68D3E1752098908B0015FE2F /* Assets.xcassets */,
				68D3E1772098908B0015FE2F /* LaunchScreen.storyboard */,
				68D3E17A2098908B0015FE2F /* Info.plist */,
				68D3E1722098908B0015FE2F /* TestProject.xcdatamodeld */,
			);
			path = TestProject;
			sourceTree = "<group>";
		};
		68D3E1822098908B0015FE2F /* TestProjectTests */ = {
			isa = PBXGroup;
			children = (
				68D3E1832098908B0015FE2F /* TestProjectTests.swift */,
				68D3E1852098908B0015FE2F /* Info.plist */,
			);
			path = TestProjectTests;
			sourceTree = "<group>";
		};
		68D3E18D2098908B0015FE2F /* TestProjectUITests */ = {
			isa = PBXGroup;
			children = (
				68D3E18E2098908B0015FE2F /* TestProjectUITests.swift */,
				68D3E1902098908B0015FE2F /* Info.plist */,
			);
			path = TestProjectUITests;
			sourceTree = "<group>";
		};
/* End PBXGroup section */

/* Begin PBXNativeTarget section */
		68D3E1672098908A0015FE2F /* TestProject */ = {
			isa = PBXNativeTarget;
			buildConfigurationList = 68D3E1932098908B0015FE2F /* Build configuration list for PBXNativeTarget "TestProject" */;
			buildPhases = (
				68D3E1642098908A0015FE2F /* Sources */,
				68D3E1652098908A0015FE2F /* Frameworks */,
				68D3E1662098908A0015FE2F /* Resources */,
			);
			buildRules = (
			);
			dependencies = (
			);
			name = TestProject;
			productName = TestProject;
			productReference = 68D3E1682098908B0015FE2F /* TestProject.app */;
			productType = "com.apple.product-type.application";
		};
		68D3E17E2098908B0015FE2F /* TestProjectTests */ = {
			isa = PBXNativeTarget;
			buildConfigurationList = 68D3E1962098908B0015FE2F /* Build configuration list for PBXNativeTarget "TestProjectTests" */;
			buildPhases = (
				68D3E17B2098908B0015FE2F /* Sources */,
				68D3E17C2098908B0015FE2F /* Frameworks */,
				68D3E17D2098908B0015FE2F /* Resources */,
			);
			buildRules = (
			);
			dependencies = (
				68D3E1812098908B0015FE2F /* PBXTargetDependency */,
			);
			name = TestProjectTests;
			productName = TestProjectTests;
			productReference = 68D3E17F2098908B0015FE2F /* TestProjectTests.xctest */;
			productType = "com.apple.product-type.bundle.unit-test";
		};
		68D3E1892098908B0015FE2F /* TestProjectUITests */ = {
			isa = PBXNativeTarget;
			buildConfigurationList = 68D3E1992098908B0015FE2F /* Build configuration list for PBXNativeTarget "TestProjectUITests" */;
			buildPhases = (
				68D3E1862098908B0015FE2F /* Sources */,
				68D3E1872098908B0015FE2F /* Frameworks */,
				68D3E1882098908B0015FE2F /* Resources */,
			);
			buildRules = (
			);
			dependencies = (
				68D3E18C2098908B0015FE2F /* PBXTargetDependency */,
			);
			name = TestProjectUITests;
			productName = TestProjectUITests;
			productReference = 68D3E18A2098908B0015FE2F /* TestProjectUITests.xctest */;
			productType = "com.apple.product-type.bundle.ui-testing";
		};
/* End PBXNativeTarget section */

/* Begin PBXProject section */
		68D3E1602098908A0015FE2F /* Project object */ = {
			isa = PBXProject;
			attributes = {
				LastSwiftUpdateCheck = 0920;
				LastUpgradeCheck = 0920;
				ORGANIZATIONNAME = MyCompany;
				TargetAttributes = {
					68D3E1672098908A0015FE2F = {
						CreatedOnToolsVersion = 9.2;
						ProvisioningStyle = Automatic;
					};
					68D3E17E2098908B0015FE2F = {
						CreatedOnToolsVersion = 9.2;
						ProvisioningStyle = Automatic;
						TestTargetID = 68D3E1672098908A0015FE2F;
					};
					68D3E1892098908B0015FE2F = {
						CreatedOnToolsVersion = 9.2;
						ProvisioningStyle = Automatic;
						TestTargetID = 68D3E1672098908A0015FE2F;
					};
				};
			};
			buildConfigurationList = 68D3E1632098908A0015FE2F /* Build configuration list for PBXProject "TestProject" */;
			compatibilityVersion = "Xcode 8.0";
			developmentRegion = en;
			hasScannedForEncodings = 0;
			knownRegions = (
				en,
				Base,
			);
			mainGroup = 68D3E15F2098908A0015FE2F;
			productRefGroup = 68D3E1692098908B0015FE2F /* Products */;
			projectDirPath = "";
			projectRoot = "";
			targets = (
				68D3E1672098908A0015FE2F /* TestProject */,
				68D3E17E2098908B0015FE2F /* TestProjectTests */,
				68D3E1892098908B0015FE2F /* TestProjectUITests */,
			);
		};
/* End PBXProject section */

/* Begin PBXResourcesBuildPhase section */
		68D3E1662098908A0015FE2F /* Resources */ = {
			isa = PBXResourcesBuildPhase;
			buildActionMask = 2147483647;
			files = (
				68D3E1792098908B0015FE2F /* LaunchScreen.storyboard in Resources */,
				68D3E1762098908B0015FE2F /* Assets.xcassets in Resources */,
				68D3E1712098908B0015FE2F /* Main.storyboard in Resources */,
			);
			runOnlyForDeploymentPostprocessing = 0;
		};
		68D3E17D2098908B0015FE2F /* Resources */ = {
			isa = PBXResourcesBuildPhase;
			buildActionMask = 2147483647;
			files = (
			);
			runOnlyForDeploymentPostprocessing = 0;
		};
		68D3E1882098908B0015FE2F /* Resources */ = {
			isa = PBXResourcesBuildPhase;
			buildActionMask = 2147483647;
			files = (
			);
			runOnlyForDeploymentPostprocessing = 0;
		};
/* End PBXResourcesBuildPhase section */

/* Begin PBXSourcesBuildPhase section */
		68D3E1642098908A0015FE2F /* Sources */ = {
			isa = PBXSourcesBuildPhase;
			buildActionMask = 2147483647;
			files = (
				68D3E16E2098908B0015FE2F /* ViewController.swift in Sources */,
				68D3E1742098908B0015FE2F /* TestProject.xcdatamodeld in Sources */,
				68D3E16C2098908B0015FE2F /* AppDelegate.swift in Sources */,
			);
			runOnlyForDeploymentPostprocessing = 0;
		};
		68D3E17B2098908B0015FE2F /* Sources */ = {
			isa = PBXSourcesBuildPhase;
			buildActionMask = 2147483647;
			files = (
				68D3E1842098908B0015FE2F /* TestProjectTests.swift in Sources */,
			);
			runOnlyForDeploymentPostprocessing = 0;
		};
		68D3E1862098908B0015FE2F /* Sources */ = {
			isa = PBXSourcesBuildPhase;
			buildActionMask = 2147483647;
			files = (
				68D3E18F2098908B0015FE2F /* TestProjectUITests.swift in Sources */,
			);
			runOnlyForDeploymentPostprocessing = 0;
		};
/* End PBXSourcesBuildPhase section */

/* Begin PBXTargetDependency section */
		68D3E1812098908B0015FE2F /* PBXTargetDependency */ = {
			isa = PBXTargetDependency;
			target = 68D3E1672098908A0015FE2F /* TestProject */;
			targetProxy = 68D3E1802098908B0015FE2F /* PBXContainerItemProxy */;
		};
		68D3E18C2098908B0015FE2F /* PBXTargetDependency */ = {
			isa = PBXTargetDependency;
			target = 68D3E1672098908A0015FE2F /* TestProject */;
			targetProxy = 68D3E18B2098908B0015FE2F /* PBXContainerItemProxy */;
		};
/* End PBXTargetDependency section */

/* Begin PBXVariantGroup section */
		68D3E16F2098908B0015FE2F /* Main.storyboard */ = {
			isa = PBXVariantGroup;
			children = (
				68D3E1702098908B0015FE2F /* Base */,
			);
			name = Main.storyboard;
			sourceTree = "<group>";
		};
		68D3E1772098908B0015FE2F /* LaunchScreen.storyboard */ = {
			isa = PBXVariantGroup;
			children = (
				68D3E1782098908B0015FE2F /* Base */,
			);
			name = LaunchScreen.storyboard;
			sourceTree = "<group>";
		};
/* End PBXVariantGroup section */

/* Begin XCBuildConfiguration section */
		68D3E1912098908B0015FE2F /* Debug */ = {
			isa = XCBuildConfiguration;
			buildSettings = {
				ALWAYS_SEARCH_USER_PATHS = NO;
				CLANG_ANALYZER_NONNULL = YES;
				CLANG_ANALYZER_NUMBER_OBJECT_CONVERSION = YES_AGGRESSIVE;
				CLANG_CXX_LANGUAGE_STANDARD = "gnu++14";
				CLANG_CXX_LIBRARY = "libc++";
				CLANG_ENABLE_MODULES = YES;
				CLANG_ENABLE_OBJC_ARC = YES;
				CLANG_WARN_BLOCK_CAPTURE_AUTORELEASING = YES;
				CLANG_WARN_BOOL_CONVERSION = YES;
				CLANG_WARN_COMMA = YES;
				CLANG_WARN_CONSTANT_CONVERSION = YES;
				CLANG_WARN_DIRECT_OBJC_ISA_USAGE = YES_ERROR;
				CLANG_WARN_DOCUMENTATION_COMMENTS = YES;
				CLANG_WARN_EMPTY_BODY = YES;
				CLANG_WARN_ENUM_CONVERSION = YES;
				CLANG_WARN_INFINITE_RECURSION = YES;
				CLANG_WARN_INT_CONVERSION = YES;
				CLANG_WARN_NON_LITERAL_NULL_CONVERSION = YES;
				CLANG_WARN_OBJC_LITERAL_CONVERSION = YES;
				CLANG_WARN_OBJC_ROOT_CLASS = YES_ERROR;
				CLANG_WARN_RANGE_LOOP_ANALYSIS = YES;
				CLANG_WARN_STRICT_PROTOTYPES = YES;
				CLANG_WARN_SUSPICIOUS_MOVE = YES;
				CLANG_WARN_UNGUARDED_AVAILABILITY = YES_AGGRESSIVE;
				CLANG_WARN_UNREACHABLE_CODE = YES;
				CLANG_WARN__DUPLICATE_METHOD_MATCH = YES;
				CODE_SIGN_IDENTITY = "iPhone Developer";
				COPY_PHASE_STRIP = NO;
				DEBUG_INFORMATION_FORMAT = dwarf;
				ENABLE_STRICT_OBJC_MSGSEND = YES;
				ENABLE_TESTABILITY = YES;
				GCC_C_LANGUAGE_STANDARD = gnu11;
				GCC_DYNAMIC_NO_PIC = NO;
				GCC_NO_COMMON_BLOCKS = YES;
				GCC_OPTIMIZATION_LEVEL = 0;
				GCC_PREPROCESSOR_DEFINITIONS = (
					"DEBUG=1",
					"$(inherited)",
				);
				GCC_WARN_64_TO_32_BIT_CONVERSION = YES;
				GCC_WARN_ABOUT_RETURN_TYPE = YES_ERROR;
				GCC_WARN_UNDECLARED_SELECTOR = YES;
				GCC_WARN_UNINITIALIZED_AUTOS = YES_AGGRESSIVE;
				GCC_WARN_UNUSED_FUNCTION = YES;
				GCC_WARN_UNUSED_VARIABLE = YES;
				IPHONEOS_DEPLOYMENT_TARGET = 11.2;
				MTL_ENABLE_DEBUG_INFO = YES;
				ONLY_ACTIVE_ARCH = YES;
				SDKROOT = iphoneos;
				SWIFT_ACTIVE_COMPILATION_CONDITIONS = DEBUG;
				SWIFT_OPTIMIZATION_LEVEL = "-Onone";
			};
			name = Debug;
		};
		68D3E1922098908B0015FE2F /* Release */ = {
			isa = XCBuildConfiguration;
			buildSettings = {
				ALWAYS_SEARCH_USER_PATHS = NO;
				CLANG_ANALYZER_NONNULL = YES;
				CLANG_ANALYZER_NUMBER_OBJECT_CONVERSION = YES_AGGRESSIVE;
				CLANG_CXX_LANGUAGE_STANDARD = "gnu++14";
				CLANG_CXX_LIBRARY = "libc++";
				CLANG_ENABLE_MODULES = YES;
				CLANG_ENABLE_OBJC_ARC = YES;
				CLANG_WARN_BLOCK_CAPTURE_AUTORELEASING = YES;
				CLANG_WARN_BOOL_CONVERSION = YES;
				CLANG_WARN_COMMA = YES;
				CLANG_WARN_CONSTANT_CONVERSION = YES;
				CLANG_WARN_DIRECT_OBJC_ISA_USAGE = YES_ERROR;
				CLANG_WARN_DOCUMENTATION_COMMENTS = YES;
				CLANG_WARN_EMPTY_BODY = YES;
				CLANG_WARN_ENUM_CONVERSION = YES;
				CLANG_WARN_INFINITE_RECURSION = YES;
				CLANG_WARN_INT_CONVERSION = YES;
				CLANG_WARN_NON_LITERAL_NULL_CONVERSION = YES;
				CLANG_WARN_OBJC_LITERAL_CONVERSION = YES;
				CLANG_WARN_OBJC_ROOT_CLASS = YES_ERROR;
				CLANG_WARN_RANGE_LOOP_ANALYSIS = YES;
				CLANG_WARN_STRICT_PROTOTYPES = YES;
				CLANG_WARN_SUSPICIOUS_MOVE = YES;
				CLANG_WARN_UNGUARDED_AVAILABILITY = YES_AGGRESSIVE;
				CLANG_WARN_UNREACHABLE_CODE = YES;
				CLANG_WARN__DUPLICATE_METHOD_MATCH = YES;
				CODE_SIGN_IDENTITY = "iPhone Developer";
				COPY_PHASE_STRIP = NO;
				DEBUG_INFORMATION_FORMAT = "dwarf-with-dsym";
				ENABLE_NS_ASSERTIONS = NO;
				ENABLE_STRICT_OBJC_MSGSEND = YES;
				GCC_C_LANGUAGE_STANDARD = gnu11;
				GCC_NO_COMMON_BLOCKS = YES;
				GCC_WARN_64_TO_32_BIT_CONVERSION = YES;
				GCC_WARN_ABOUT_RETURN_TYPE = YES_ERROR;
				GCC_WARN_UNDECLARED_SELECTOR = YES;
				GCC_WARN_UNINITIALIZED_AUTOS = YES_AGGRESSIVE;
				GCC_WARN_UNUSED_FUNCTION = YES;
				GCC_WARN_UNUSED_VARIABLE = YES;
				IPHONEOS_DEPLOYMENT_TARGET = 11.2;
				MTL_ENABLE_DEBUG_INFO = NO;
				SDKROOT = iphoneos;
				SWIFT_OPTIMIZATION_LEVEL = "-Owholemodule";
				VALIDATE_PRODUCT = YES;
			};
			name = Release;
		};
		68D3E1942098908B0015FE2F /* Debug */ = {
			isa = XCBuildConfiguration;
			buildSettings = {
				ASSETCATALOG_COMPILER_APPICON_NAME = AppIcon;
				CODE_SIGN_STYLE = Automatic;
				INFOPLIST_FILE = TestProject/Info.plist;
				LD_RUNPATH_SEARCH_PATHS = "$(inherited) @executable_path/Frameworks";
				PRODUCT_BUNDLE_IDENTIFIER = com.mycompany.myapp.TestProject;
				PRODUCT_NAME = "$(TARGET_NAME)";
				SWIFT_VERSION = 4.0;
				TARGETED_DEVICE_FAMILY = "1,2";
			};
			name = Debug;
		};
		68D3E1952098908B0015FE2F /* Release */ = {
			isa = XCBuildConfiguration;
			buildSettings = {
				ASSETCATALOG_COMPILER_APPICON_NAME = AppIcon;
				CODE_SIGN_STYLE = Automatic;
				INFOPLIST_FILE = TestProject/Info.plist;
				LD_RUNPATH_SEARCH_PATHS = "$(inherited) @executable_path/Frameworks";
				PRODUCT_BUNDLE_IDENTIFIER = com.mycompany.myapp.TestProject;
				PRODUCT_NAME = "$(TARGET_NAME)";
				SWIFT_VERSION = 4.0;
				TARGETED_DEVICE_FAMILY = "1,2";
			};
			name = Release;
		};
		68D3E1972098908B0015FE2F /* Debug */ = {
			isa = XCBuildConfiguration;
			buildSettings = {
				ALWAYS_EMBED_SWIFT_STANDARD_LIBRARIES = YES;
				BUNDLE_LOADER = "$(TEST_HOST)";
				CODE_SIGN_STYLE = Automatic;
				INFOPLIST_FILE = TestProjectTests/Info.plist;
				LD_RUNPATH_SEARCH_PATHS = "$(inherited) @executable_path/Frameworks @loader_path/Frameworks";
				PRODUCT_BUNDLE_IDENTIFIER = com.mycompany.myapp.TestProjectTests;
				PRODUCT_NAME = "$(TARGET_NAME)";
				SWIFT_VERSION = 4.0;
				TARGETED_DEVICE_FAMILY = "1,2";
				TEST_HOST = "$(BUILT_PRODUCTS_DIR)/TestProject.app/TestProject";
			};
			name = Debug;
		};
		68D3E1982098908B0015FE2F /* Release */ = {
			isa = XCBuildConfiguration;
			buildSettings = {
				ALWAYS_EMBED_SWIFT_STANDARD_LIBRARIES = YES;
				BUNDLE_LOADER = "$(TEST_HOST)";
				CODE_SIGN_STYLE = Automatic;
				INFOPLIST_FILE = TestProjectTests/Info.plist;
				LD_RUNPATH_SEARCH_PATHS = "$(inherited) @executable_path/Frameworks @loader_path/Frameworks";
				PRODUCT_BUNDLE_IDENTIFIER = com.mycompany.myapp.TestProjectTests;
				PRODUCT_NAME = "$(TARGET_NAME)";
				SWIFT_VERSION = 4.0;
				TARGETED_DEVICE_FAMILY = "1,2";
				TEST_HOST = "$(BUILT_PRODUCTS_DIR)/TestProject.app/TestProject";
			};
			name = Release;
		};
		68D3E19A2098908B0015FE2F /* Debug */ = {
			isa = XCBuildConfiguration;
			buildSettings = {
				ALWAYS_EMBED_SWIFT_STANDARD_LIBRARIES = YES;
				CODE_SIGN_STYLE = Automatic;
				INFOPLIST_FILE = TestProjectUITests/Info.plist;
				LD_RUNPATH_SEARCH_PATHS = "$(inherited) @executable_path/Frameworks @loader_path/Frameworks";
				PRODUCT_BUNDLE_IDENTIFIER = com.mycompany.myapp.TestProjectUITests;
				PRODUCT_NAME = "$(TARGET_NAME)";
				SWIFT_VERSION = 4.0;
				TARGETED_DEVICE_FAMILY = "1,2";
				TEST_TARGET_NAME = TestProject;
			};
			name = Debug;
		};
		68D3E19B2098908B0015FE2F /* Release */ = {
			isa = XCBuildConfiguration;
			buildSettings = {
				ALWAYS_EMBED_SWIFT_STANDARD_LIBRARIES = YES;
				CODE_SIGN_STYLE = Automatic;
				INFOPLIST_FILE = TestProjectUITests/Info.plist;
				LD_RUNPATH_SEARCH_PATHS = "$(inherited) @executable_path/Frameworks @loader_path/Frameworks";
				PRODUCT_BUNDLE_IDENTIFIER = com.mycompany.myapp.TestProjectUITests;
				PRODUCT_NAME = "$(TARGET_NAME)";
				SWIFT_VERSION = 4.0;
				TARGETED_DEVICE_FAMILY = "1,2";
				TEST_TARGET_NAME = TestProject;
			};
			name = Release;
		};
/* End XCBuildConfiguration section */

/* Begin XCConfigurationList section */
		68D3E1632098908A0015FE2F /* Build configuration list for PBXProject "TestProject" */ = {
			isa = XCConfigurationList;
			buildConfigurations = (
				68D3E1912098908B0015FE2F /* Debug */,
				68D3E1922098908B0015FE2F /* Release */,
			);
			defaultConfigurationIsVisible = 0;
			defaultConfigurationName = Release;
		};
		68D3E1932098908B0015FE2F /* Build configuration list for PBXNativeTarget "TestProject" */ = {
			isa = XCConfigurationList;
			buildConfigurations = (
				68D3E1942098908B0015FE2F /* Debug */,
				68D3E1952098908B0015FE2F /* Release */,
			);
			defaultConfigurationIsVisible = 0;
			defaultConfigurationName = Release;
		};
		68D3E1962098908B0015FE2F /* Build configuration list for PBXNativeTarget "TestProjectTests" */ = {
			isa = XCConfigurationList;
			buildConfigurations = (
				68D3E1972098908B0015FE2F /* Debug */,
				68D3E1982098908B0015FE2F /* Release */,
			);
			defaultConfigurationIsVisible = 0;
			defaultConfigurationName = Release;
		};
		68D3E1992098908B0015FE2F /* Build configuration list for PBXNativeTarget "TestProjectUITests" */ = {
			isa = XCConfigurationList;
			buildConfigurations = (
				68D3E19A2098908B0015FE2F /* Debug */,
				68D3E19B2098908B0015FE2F /* Release */,
			);
			defaultConfigurationIsVisible = 0;
			defaultConfigurationName = Release;
		};
/* End XCConfigurationList section */

/* Begin XCVersionGroup section */
		68D3E1722098908B0015FE2F /* TestProject.xcdatamodeld */ = {
			isa = XCVersionGroup;
			children = (
				68D3E1732098908B0015FE2F /* TestProject.xcdatamodel */,
			);
			currentVersion = 68D3E1732098908B0015FE2F /* TestProject.xcdatamodel */;
			path = TestProject.xcdatamodeld;
			sourceTree = "<group>";
			versionGroupType = wrapper.xcdatamodel;
		};
/* End XCVersionGroup section */
	};
	rootObject = 68D3E1602098908A0015FE2F /* Project object */;
}
